{
  "name": "aoc",
  "version": "1.0.0",
  "lockfileVersion": 1,
  "requires": true,
  "dependencies": {
    "@types/node": {
      "version": "14.14.10",
      "resolved": "https://artifactory.98point6.com/api/npm/npm-98point6-virtual/@types/node/-/node-14.14.10.tgz",
      "integrity": "sha1-WVioLkGGPPxx8jB7N0jjSRugN4U="
    },
    "arg": {
      "version": "4.1.3",
      "resolved": "https://artifactory.98point6.com/api/npm/npm-98point6-virtual/arg/-/arg-4.1.3.tgz",
      "integrity": "sha1-Jp/HrVuOQstjyJbVZmAXJhwUQIk="
    },
    "buffer-from": {
      "version": "1.1.1",
      "resolved": "https://artifactory.98point6.com/api/npm/npm-98point6-virtual/buffer-from/-/buffer-from-1.1.1.tgz",
      "integrity": "sha1-MnE7wCj3XAL9txDXx7zsHyxgcO8="
    },
    "diff": {
      "version": "4.0.2",
      "resolved": "https://artifactory.98point6.com/api/npm/npm-98point6-virtual/diff/-/diff-4.0.2.tgz",
      "integrity": "sha1-YPOuy4nV+uUgwRqhnvwruYKq3n0="
    },
    "make-error": {
      "version": "1.3.6",
      "resolved": "https://artifactory.98point6.com/api/npm/npm-98point6-virtual/make-error/-/make-error-1.3.6.tgz",
      "integrity": "sha1-LrLjfqm2fEiR9oShOUeZr0hM96I="
    },
    "source-map": {
      "version": "0.6.1",
      "resolved": "https://artifactory.98point6.com/api/npm/npm-98point6-virtual/source-map/-/source-map-0.6.1.tgz",
      "integrity": "sha1-dHIq8y6WFOnCh6jQu95IteLxomM="
    },
    "source-map-support": {
      "version": "0.5.19",
      "resolved": "https://artifactory.98point6.com/api/npm/npm-98point6-virtual/source-map-support/-/source-map-support-0.5.19.tgz",
      "integrity": "sha1-qYti+G3K9PZzmWSMCFKRq56P7WE=",
      "requires": {
        "buffer-from": "^1.0.0",
        "source-map": "^0.6.0"
      }
    },
    "ts-node": {
      "version": "9.0.0",
      "resolved": "https://artifactory.98point6.com/api/npm/npm-98point6-virtual/ts-node/-/ts-node-9.0.0.tgz",
      "integrity": "sha1-52mdKhEMyMDTuDFxXkF2iGg0YLM=",
      "requires": {
        "arg": "^4.1.0",
        "diff": "^4.0.1",
        "make-error": "^1.1.1",
        "source-map-support": "^0.5.17",
        "yn": "3.1.1"
      }
    },
    "typescript": {
      "version": "4.1.2",
      "resolved": "https://artifactory.98point6.com/api/npm/npm-98point6-virtual/typescript/-/typescript-4.1.2.tgz",
      "integrity": "sha1-Y2nvIlFv5eEDBKrlpcSGLbVTgOk="
    },
    "yn": {
      "version": "3.1.1",
      "resolved": "https://artifactory.98point6.com/api/npm/npm-98point6-virtual/yn/-/yn-3.1.1.tgz",
      "integrity": "sha1-HodAGgnXZ8HV6rJqbkwYUYLS61A="
    },
    "zod": {
      "version": "2.0.0-beta.29",
      "resolved": "https://artifactory.98point6.com/api/npm/npm-98point6-virtual/zod/-/zod-2.0.0-beta.29.tgz",
      "integrity": "sha1-FTtcp5ne9/n25JqSW8mS+NV5PVc="
    }
  }
}
